
Microsoft Visual Studio Solution File, Format Version 12.00
# Visual Studio Version 17
VisualStudioVersion = 17.13.35931.197
MinimumVisualStudioVersion = 10.0.40219.1
Project("{2150E333-8FDC-42A3-9474-1A3956D46DE8}") = "Week1", "Week1", "{02EA681E-C7D8-13C7-8484-4AC65E1B71E8}"
EndProject
Project("{8BC9CEB8-8B4A-11D0-8D11-00A0C91BC942}") = "1.2_CreditCardNumberValidator", "Week1\1.2_CreditCardNumberValidator\1.2_CreditCardNumberValidator.vcxproj", "{D7801A4D-9EAC-498F-9CA3-B4B6F1F78C4C}"
EndProject
Project("{8BC9CEB8-8B4A-11D0-8D11-00A0C91BC942}") = "1.3_CountingCharacters", "Week1\1.3_CountingCharacters\1.3_CountingCharacters.vcxproj", "{CBB02180-462E-4F52-8838-BA1587C60B38}"
EndProject
Project("{8BC9CEB8-8B4A-11D0-8D11-00A0C91BC942}") = "1.4_MatrixSum", "Week1\1.4_MatrixSum\1.4_MatrixSum.vcxproj", "{DD1C9400-74DE-40FB-B33C-7345863A2A10}"
EndProject
Project("{8BC9CEB8-8B4A-11D0-8D11-00A0C91BC942}") = "1.1_SearchACharacter", "Week1\1.1_SearchACharacter\1.1_SearchACharacter.vcxproj", "{B9AA5520-1CED-4E98-A70D-9EDD9C5CABE9}"
EndProject
Project("{2150E333-8FDC-42A3-9474-1A3956D46DE8}") = "Week2", "Week2", "{76BFCF38-174D-4FA8-B363-6CE414210E34}"
EndProject
Project("{8BC9CEB8-8B4A-11D0-8D11-00A0C91BC942}") = "2.1_Stopwatch", "Week2\2.1_Stopwatch\2.1_Stopwatch.vcxproj", "{132F9414-986A-430B-91EF-5C181DAD165D}"
EndProject
Project("{8BC9CEB8-8B4A-11D0-8D11-00A0C91BC942}") = "2.2_FindGenes", "Week2\2.2_FindGenes\2.2_FindGenes.vcxproj", "{B1ABC6D6-525A-40EC-A6F1-E38700EA7D76}"
EndProject
Project("{8BC9CEB8-8B4A-11D0-8D11-00A0C91BC942}") = "2.3_CheckPalindrome", "Week2\2.3_CheckPalindrome\2.3_CheckPalindrome.vcxproj", "{0B52F8F3-9F44-479C-823C-6259BD42E06B}"
EndProject
Project("{8BC9CEB8-8B4A-11D0-8D11-00A0C91BC942}") = "2.4_Hangman", "Week2\2.4_Hangman\2.4_Hangman.vcxproj", "{56E68103-C190-4215-89F7-25227EBB6BBC}"
EndProject
Project("{8BC9CEB8-8B4A-11D0-8D11-00A0C91BC942}") = "2.5_LargestBlock", "Week2\2.5_LargestBlock\2.5_LargestBlock.vcxproj", "{8CA6EEC9-2A8C-4206-9659-A79D32C5D510}"
EndProject
Project("{2150E333-8FDC-42A3-9474-1A3956D46DE8}") = "Week3", "Week3", "{B1F4EED0-619B-4744-9152-99166F35F5D0}"
EndProject
Project("{8BC9CEB8-8B4A-11D0-8D11-00A0C91BC942}") = "3.1_DynamicArray", "Week3\3.1_DynamicArray\3.1_DynamicArray.vcxproj", "{6CA7C6B9-0468-4870-B764-8B557390DA4E}"
EndProject
Project("{8BC9CEB8-8B4A-11D0-8D11-00A0C91BC942}") = "3.2_EvaluateExpression", "Week3\3.2_EvaluateExpression\3.2_EvaluateExpression.vcxproj", "{EB2183D4-246C-4C6B-BDAB-D62BF1B1E3E3}"
EndProject
Project("{8BC9CEB8-8B4A-11D0-8D11-00A0C91BC942}") = "3.3_Intersection", "Week3\3.3_Intersection\3.3_Intersection.vcxproj", "{BF66E829-3BAC-4B82-9F24-1BA44E13484B}"
EndProject
Project("{8BC9CEB8-8B4A-11D0-8D11-00A0C91BC942}") = "3.4_RemoveDuplication", "Week3\3.4_RemoveDuplication\3.4_RemoveDuplication.vcxproj", "{3C89023F-2131-4016-B31F-4C457A313801}"
EndProject
Project("{8BC9CEB8-8B4A-11D0-8D11-00A0C91BC942}") = "3.5_PrintInAFile", "Week3\3.5_PrintInAFile\3.5_PrintInAFile.vcxproj", "{9D5EE3C6-EF28-4308-9BAA-694F2CBDB9E0}"
EndProject
Project("{8BC9CEB8-8B4A-11D0-8D11-00A0C91BC942}") = "3.6_CountVowels", "Week3\3.6_CountVowels\3.6_CountVowels.vcxproj", "{40807DAB-7CAD-43E5-A5C4-1B34EE09B0B3}"
EndProject
Project("{8BC9CEB8-8B4A-11D0-8D11-00A0C91BC942}") = "3.7_NumberStatistics", "Week3\3.7_NumberStatistics\3.7_NumberStatistics.vcxproj", "{C2A9C686-2A09-48B5-98D2-7A63D5EF2F3E}"
EndProject
Project("{8BC9CEB8-8B4A-11D0-8D11-00A0C91BC942}") = "3.8_ReverseOrder", "Week3\3.8_ReverseOrder\3.8_ReverseOrder.vcxproj", "{62AC3CAB-0363-43C3-9F98-4C66E0D262AC}"
EndProject
Project("{2150E333-8FDC-42A3-9474-1A3956D46DE8}") = "Week4", "Week4", "{45978B89-DAE2-4A97-B1CF-C0F70DF13AD5}"
EndProject
Project("{8BC9CEB8-8B4A-11D0-8D11-00A0C91BC942}") = "4.1_Shape", "Week4\4.1_Shape\4.1_Shape.vcxproj", "{E41C472A-471C-4D39-B712-E421563AE25B}"
EndProject
Project("{8BC9CEB8-8B4A-11D0-8D11-00A0C91BC942}") = "4.2_HuffmanCodering", "Week4\4.2_HuffmanCodering\4.2_HuffmanCodering.vcxproj", "{343FDC99-F672-4046-B3D0-FB4AF4F1BB90}"
EndProject
Project("{2150E333-8FDC-42A3-9474-1A3956D46DE8}") = "Week5", "Week5", "{E615093C-1C8A-41AE-B75F-64A005A1B96A}"
EndProject
Project("{8BC9CEB8-8B4A-11D0-8D11-00A0C91BC942}") = "5.2_Lambda", "Week5\5.2_Lambda\5.2_Lambda.vcxproj", "{CC6F4172-7010-42F4-B987-F0798BF04C1B}"
EndProject
Global
	GlobalSection(SolutionConfigurationPlatforms) = preSolution
		Debug|x64 = Debug|x64
		Debug|x86 = Debug|x86
		Release|x64 = Release|x64
		Release|x86 = Release|x86
	EndGlobalSection
	GlobalSection(ProjectConfigurationPlatforms) = postSolution
		{D7801A4D-9EAC-498F-9CA3-B4B6F1F78C4C}.Debug|x64.ActiveCfg = Debug|x64
		{D7801A4D-9EAC-498F-9CA3-B4B6F1F78C4C}.Debug|x64.Build.0 = Debug|x64
		{D7801A4D-9EAC-498F-9CA3-B4B6F1F78C4C}.Debug|x86.ActiveCfg = Debug|Win32
		{D7801A4D-9EAC-498F-9CA3-B4B6F1F78C4C}.Debug|x86.Build.0 = Debug|Win32
		{D7801A4D-9EAC-498F-9CA3-B4B6F1F78C4C}.Release|x64.ActiveCfg = Release|x64
		{D7801A4D-9EAC-498F-9CA3-B4B6F1F78C4C}.Release|x64.Build.0 = Release|x64
		{D7801A4D-9EAC-498F-9CA3-B4B6F1F78C4C}.Release|x86.ActiveCfg = Release|Win32
		{D7801A4D-9EAC-498F-9CA3-B4B6F1F78C4C}.Release|x86.Build.0 = Release|Win32
		{CBB02180-462E-4F52-8838-BA1587C60B38}.Debug|x64.ActiveCfg = Debug|x64
		{CBB02180-462E-4F52-8838-BA1587C60B38}.Debug|x64.Build.0 = Debug|x64
		{CBB02180-462E-4F52-8838-BA1587C60B38}.Debug|x86.ActiveCfg = Debug|Win32
		{CBB02180-462E-4F52-8838-BA1587C60B38}.Debug|x86.Build.0 = Debug|Win32
		{CBB02180-462E-4F52-8838-BA1587C60B38}.Release|x64.ActiveCfg = Release|x64
		{CBB02180-462E-4F52-8838-BA1587C60B38}.Release|x64.Build.0 = Release|x64
		{CBB02180-462E-4F52-8838-BA1587C60B38}.Release|x86.ActiveCfg = Release|Win32
		{CBB02180-462E-4F52-8838-BA1587C60B38}.Release|x86.Build.0 = Release|Win32
		{DD1C9400-74DE-40FB-B33C-7345863A2A10}.Debug|x64.ActiveCfg = Debug|x64
		{DD1C9400-74DE-40FB-B33C-7345863A2A10}.Debug|x64.Build.0 = Debug|x64
		{DD1C9400-74DE-40FB-B33C-7345863A2A10}.Debug|x86.ActiveCfg = Debug|Win32
		{DD1C9400-74DE-40FB-B33C-7345863A2A10}.Debug|x86.Build.0 = Debug|Win32
		{DD1C9400-74DE-40FB-B33C-7345863A2A10}.Release|x64.ActiveCfg = Release|x64
		{DD1C9400-74DE-40FB-B33C-7345863A2A10}.Release|x64.Build.0 = Release|x64
		{DD1C9400-74DE-40FB-B33C-7345863A2A10}.Release|x86.ActiveCfg = Release|Win32
		{DD1C9400-74DE-40FB-B33C-7345863A2A10}.Release|x86.Build.0 = Release|Win32
		{B9AA5520-1CED-4E98-A70D-9EDD9C5CABE9}.Debug|x64.ActiveCfg = Debug|x64
		{B9AA5520-1CED-4E98-A70D-9EDD9C5CABE9}.Debug|x64.Build.0 = Debug|x64
		{B9AA5520-1CED-4E98-A70D-9EDD9C5CABE9}.Debug|x86.ActiveCfg = Debug|Win32
		{B9AA5520-1CED-4E98-A70D-9EDD9C5CABE9}.Debug|x86.Build.0 = Debug|Win32
		{B9AA5520-1CED-4E98-A70D-9EDD9C5CABE9}.Release|x64.ActiveCfg = Release|x64
		{B9AA5520-1CED-4E98-A70D-9EDD9C5CABE9}.Release|x64.Build.0 = Release|x64
		{B9AA5520-1CED-4E98-A70D-9EDD9C5CABE9}.Release|x86.ActiveCfg = Release|Win32
		{B9AA5520-1CED-4E98-A70D-9EDD9C5CABE9}.Release|x86.Build.0 = Release|Win32
		{132F9414-986A-430B-91EF-5C181DAD165D}.Debug|x64.ActiveCfg = Debug|x64
		{132F9414-986A-430B-91EF-5C181DAD165D}.Debug|x64.Build.0 = Debug|x64
		{132F9414-986A-430B-91EF-5C181DAD165D}.Debug|x86.ActiveCfg = Debug|Win32
		{132F9414-986A-430B-91EF-5C181DAD165D}.Debug|x86.Build.0 = Debug|Win32
		{132F9414-986A-430B-91EF-5C181DAD165D}.Release|x64.ActiveCfg = Release|x64
		{132F9414-986A-430B-91EF-5C181DAD165D}.Release|x64.Build.0 = Release|x64
		{132F9414-986A-430B-91EF-5C181DAD165D}.Release|x86.ActiveCfg = Release|Win32
		{132F9414-986A-430B-91EF-5C181DAD165D}.Release|x86.Build.0 = Release|Win32
		{B1ABC6D6-525A-40EC-A6F1-E38700EA7D76}.Debug|x64.ActiveCfg = Debug|x64
		{B1ABC6D6-525A-40EC-A6F1-E38700EA7D76}.Debug|x64.Build.0 = Debug|x64
		{B1ABC6D6-525A-40EC-A6F1-E38700EA7D76}.Debug|x86.ActiveCfg = Debug|Win32
		{B1ABC6D6-525A-40EC-A6F1-E38700EA7D76}.Debug|x86.Build.0 = Debug|Win32
		{B1ABC6D6-525A-40EC-A6F1-E38700EA7D76}.Release|x64.ActiveCfg = Release|x64
		{B1ABC6D6-525A-40EC-A6F1-E38700EA7D76}.Release|x64.Build.0 = Release|x64
		{B1ABC6D6-525A-40EC-A6F1-E38700EA7D76}.Release|x86.ActiveCfg = Release|Win32
		{B1ABC6D6-525A-40EC-A6F1-E38700EA7D76}.Release|x86.Build.0 = Release|Win32
		{0B52F8F3-9F44-479C-823C-6259BD42E06B}.Debug|x64.ActiveCfg = Debug|x64
		{0B52F8F3-9F44-479C-823C-6259BD42E06B}.Debug|x64.Build.0 = Debug|x64
		{0B52F8F3-9F44-479C-823C-6259BD42E06B}.Debug|x86.ActiveCfg = Debug|Win32
		{0B52F8F3-9F44-479C-823C-6259BD42E06B}.Debug|x86.Build.0 = Debug|Win32
		{0B52F8F3-9F44-479C-823C-6259BD42E06B}.Release|x64.ActiveCfg = Release|x64
		{0B52F8F3-9F44-479C-823C-6259BD42E06B}.Release|x64.Build.0 = Release|x64
		{0B52F8F3-9F44-479C-823C-6259BD42E06B}.Release|x86.ActiveCfg = Release|Win32
		{0B52F8F3-9F44-479C-823C-6259BD42E06B}.Release|x86.Build.0 = Release|Win32
		{56E68103-C190-4215-89F7-25227EBB6BBC}.Debug|x64.ActiveCfg = Debug|x64
		{56E68103-C190-4215-89F7-25227EBB6BBC}.Debug|x64.Build.0 = Debug|x64
		{56E68103-C190-4215-89F7-25227EBB6BBC}.Debug|x86.ActiveCfg = Debug|Win32
		{56E68103-C190-4215-89F7-25227EBB6BBC}.Debug|x86.Build.0 = Debug|Win32
		{56E68103-C190-4215-89F7-25227EBB6BBC}.Release|x64.ActiveCfg = Release|x64
		{56E68103-C190-4215-89F7-25227EBB6BBC}.Release|x64.Build.0 = Release|x64
		{56E68103-C190-4215-89F7-25227EBB6BBC}.Release|x86.ActiveCfg = Release|Win32
		{56E68103-C190-4215-89F7-25227EBB6BBC}.Release|x86.Build.0 = Release|Win32
		{8CA6EEC9-2A8C-4206-9659-A79D32C5D510}.Debug|x64.ActiveCfg = Debug|x64
		{8CA6EEC9-2A8C-4206-9659-A79D32C5D510}.Debug|x64.Build.0 = Debug|x64
		{8CA6EEC9-2A8C-4206-9659-A79D32C5D510}.Debug|x86.ActiveCfg = Debug|Win32
		{8CA6EEC9-2A8C-4206-9659-A79D32C5D510}.Debug|x86.Build.0 = Debug|Win32
		{8CA6EEC9-2A8C-4206-9659-A79D32C5D510}.Release|x64.ActiveCfg = Release|x64
		{8CA6EEC9-2A8C-4206-9659-A79D32C5D510}.Release|x64.Build.0 = Release|x64
		{8CA6EEC9-2A8C-4206-9659-A79D32C5D510}.Release|x86.ActiveCfg = Release|Win32
		{8CA6EEC9-2A8C-4206-9659-A79D32C5D510}.Release|x86.Build.0 = Release|Win32
		{6CA7C6B9-0468-4870-B764-8B557390DA4E}.Debug|x64.ActiveCfg = Debug|x64
		{6CA7C6B9-0468-4870-B764-8B557390DA4E}.Debug|x64.Build.0 = Debug|x64
		{6CA7C6B9-0468-4870-B764-8B557390DA4E}.Debug|x86.ActiveCfg = Debug|Win32
		{6CA7C6B9-0468-4870-B764-8B557390DA4E}.Debug|x86.Build.0 = Debug|Win32
		{6CA7C6B9-0468-4870-B764-8B557390DA4E}.Release|x64.ActiveCfg = Release|x64
		{6CA7C6B9-0468-4870-B764-8B557390DA4E}.Release|x64.Build.0 = Release|x64
		{6CA7C6B9-0468-4870-B764-8B557390DA4E}.Release|x86.ActiveCfg = Release|Win32
		{6CA7C6B9-0468-4870-B764-8B557390DA4E}.Release|x86.Build.0 = Release|Win32
		{EB2183D4-246C-4C6B-BDAB-D62BF1B1E3E3}.Debug|x64.ActiveCfg = Debug|x64
		{EB2183D4-246C-4C6B-BDAB-D62BF1B1E3E3}.Debug|x64.Build.0 = Debug|x64
		{EB2183D4-246C-4C6B-BDAB-D62BF1B1E3E3}.Debug|x86.ActiveCfg = Debug|Win32
		{EB2183D4-246C-4C6B-BDAB-D62BF1B1E3E3}.Debug|x86.Build.0 = Debug|Win32
		{EB2183D4-246C-4C6B-BDAB-D62BF1B1E3E3}.Release|x64.ActiveCfg = Release|x64
		{EB2183D4-246C-4C6B-BDAB-D62BF1B1E3E3}.Release|x64.Build.0 = Release|x64
		{EB2183D4-246C-4C6B-BDAB-D62BF1B1E3E3}.Release|x86.ActiveCfg = Release|Win32
		{EB2183D4-246C-4C6B-BDAB-D62BF1B1E3E3}.Release|x86.Build.0 = Release|Win32
		{BF66E829-3BAC-4B82-9F24-1BA44E13484B}.Debug|x64.ActiveCfg = Debug|x64
		{BF66E829-3BAC-4B82-9F24-1BA44E13484B}.Debug|x64.Build.0 = Debug|x64
		{BF66E829-3BAC-4B82-9F24-1BA44E13484B}.Debug|x86.ActiveCfg = Debug|Win32
		{BF66E829-3BAC-4B82-9F24-1BA44E13484B}.Debug|x86.Build.0 = Debug|Win32
		{BF66E829-3BAC-4B82-9F24-1BA44E13484B}.Release|x64.ActiveCfg = Release|x64
		{BF66E829-3BAC-4B82-9F24-1BA44E13484B}.Release|x64.Build.0 = Release|x64
		{BF66E829-3BAC-4B82-9F24-1BA44E13484B}.Release|x86.ActiveCfg = Release|Win32
		{BF66E829-3BAC-4B82-9F24-1BA44E13484B}.Release|x86.Build.0 = Release|Win32
		{3C89023F-2131-4016-B31F-4C457A313801}.Debug|x64.ActiveCfg = Debug|x64
		{3C89023F-2131-4016-B31F-4C457A313801}.Debug|x64.Build.0 = Debug|x64
		{3C89023F-2131-4016-B31F-4C457A313801}.Debug|x86.ActiveCfg = Debug|Win32
		{3C89023F-2131-4016-B31F-4C457A313801}.Debug|x86.Build.0 = Debug|Win32
		{3C89023F-2131-4016-B31F-4C457A313801}.Release|x64.ActiveCfg = Release|x64
		{3C89023F-2131-4016-B31F-4C457A313801}.Release|x64.Build.0 = Release|x64
		{3C89023F-2131-4016-B31F-4C457A313801}.Release|x86.ActiveCfg = Release|Win32
		{3C89023F-2131-4016-B31F-4C457A313801}.Release|x86.Build.0 = Release|Win32
		{9D5EE3C6-EF28-4308-9BAA-694F2CBDB9E0}.Debug|x64.ActiveCfg = Debug|x64
		{9D5EE3C6-EF28-4308-9BAA-694F2CBDB9E0}.Debug|x64.Build.0 = Debug|x64
		{9D5EE3C6-EF28-4308-9BAA-694F2CBDB9E0}.Debug|x86.ActiveCfg = Debug|Win32
		{9D5EE3C6-EF28-4308-9BAA-694F2CBDB9E0}.Debug|x86.Build.0 = Debug|Win32
		{9D5EE3C6-EF28-4308-9BAA-694F2CBDB9E0}.Release|x64.ActiveCfg = Release|x64
		{9D5EE3C6-EF28-4308-9BAA-694F2CBDB9E0}.Release|x64.Build.0 = Release|x64
		{9D5EE3C6-EF28-4308-9BAA-694F2CBDB9E0}.Release|x86.ActiveCfg = Release|Win32
		{9D5EE3C6-EF28-4308-9BAA-694F2CBDB9E0}.Release|x86.Build.0 = Release|Win32
		{40807DAB-7CAD-43E5-A5C4-1B34EE09B0B3}.Debug|x64.ActiveCfg = Debug|x64
		{40807DAB-7CAD-43E5-A5C4-1B34EE09B0B3}.Debug|x64.Build.0 = Debug|x64
		{40807DAB-7CAD-43E5-A5C4-1B34EE09B0B3}.Debug|x86.ActiveCfg = Debug|Win32
		{40807DAB-7CAD-43E5-A5C4-1B34EE09B0B3}.Debug|x86.Build.0 = Debug|Win32
		{40807DAB-7CAD-43E5-A5C4-1B34EE09B0B3}.Release|x64.ActiveCfg = Release|x64
		{40807DAB-7CAD-43E5-A5C4-1B34EE09B0B3}.Release|x64.Build.0 = Release|x64
		{40807DAB-7CAD-43E5-A5C4-1B34EE09B0B3}.Release|x86.ActiveCfg = Release|Win32
		{40807DAB-7CAD-43E5-A5C4-1B34EE09B0B3}.Release|x86.Build.0 = Release|Win32
		{C2A9C686-2A09-48B5-98D2-7A63D5EF2F3E}.Debug|x64.ActiveCfg = Debug|x64
		{C2A9C686-2A09-48B5-98D2-7A63D5EF2F3E}.Debug|x64.Build.0 = Debug|x64
		{C2A9C686-2A09-48B5-98D2-7A63D5EF2F3E}.Debug|x86.ActiveCfg = Debug|Win32
		{C2A9C686-2A09-48B5-98D2-7A63D5EF2F3E}.Debug|x86.Build.0 = Debug|Win32
		{C2A9C686-2A09-48B5-98D2-7A63D5EF2F3E}.Release|x64.ActiveCfg = Release|x64
		{C2A9C686-2A09-48B5-98D2-7A63D5EF2F3E}.Release|x64.Build.0 = Release|x64
		{C2A9C686-2A09-48B5-98D2-7A63D5EF2F3E}.Release|x86.ActiveCfg = Release|Win32
		{C2A9C686-2A09-48B5-98D2-7A63D5EF2F3E}.Release|x86.Build.0 = Release|Win32
		{62AC3CAB-0363-43C3-9F98-4C66E0D262AC}.Debug|x64.ActiveCfg = Debug|x64
		{62AC3CAB-0363-43C3-9F98-4C66E0D262AC}.Debug|x64.Build.0 = Debug|x64
		{62AC3CAB-0363-43C3-9F98-4C66E0D262AC}.Debug|x86.ActiveCfg = Debug|Win32
		{62AC3CAB-0363-43C3-9F98-4C66E0D262AC}.Debug|x86.Build.0 = Debug|Win32
		{62AC3CAB-0363-43C3-9F98-4C66E0D262AC}.Release|x64.ActiveCfg = Release|x64
		{62AC3CAB-0363-43C3-9F98-4C66E0D262AC}.Release|x64.Build.0 = Release|x64
		{62AC3CAB-0363-43C3-9F98-4C66E0D262AC}.Release|x86.ActiveCfg = Release|Win32
		{62AC3CAB-0363-43C3-9F98-4C66E0D262AC}.Release|x86.Build.0 = Release|Win32
		{E41C472A-471C-4D39-B712-E421563AE25B}.Debug|x64.ActiveCfg = Debug|x64
		{E41C472A-471C-4D39-B712-E421563AE25B}.Debug|x64.Build.0 = Debug|x64
		{E41C472A-471C-4D39-B712-E421563AE25B}.Debug|x86.ActiveCfg = Debug|Win32
		{E41C472A-471C-4D39-B712-E421563AE25B}.Debug|x86.Build.0 = Debug|Win32
		{E41C472A-471C-4D39-B712-E421563AE25B}.Release|x64.ActiveCfg = Release|x64
		{E41C472A-471C-4D39-B712-E421563AE25B}.Release|x64.Build.0 = Release|x64
		{E41C472A-471C-4D39-B712-E421563AE25B}.Release|x86.ActiveCfg = Release|Win32
		{E41C472A-471C-4D39-B712-E421563AE25B}.Release|x86.Build.0 = Release|Win32
		{343FDC99-F672-4046-B3D0-FB4AF4F1BB90}.Debug|x64.ActiveCfg = Debug|x64
		{343FDC99-F672-4046-B3D0-FB4AF4F1BB90}.Debug|x64.Build.0 = Debug|x64
		{343FDC99-F672-4046-B3D0-FB4AF4F1BB90}.Debug|x86.ActiveCfg = Debug|Win32
		{343FDC99-F672-4046-B3D0-FB4AF4F1BB90}.Debug|x86.Build.0 = Debug|Win32
		{343FDC99-F672-4046-B3D0-FB4AF4F1BB90}.Release|x64.ActiveCfg = Release|x64
		{343FDC99-F672-4046-B3D0-FB4AF4F1BB90}.Release|x64.Build.0 = Release|x64
		{343FDC99-F672-4046-B3D0-FB4AF4F1BB90}.Release|x86.ActiveCfg = Release|Win32
		{343FDC99-F672-4046-B3D0-FB4AF4F1BB90}.Release|x86.Build.0 = Release|Win32
		{CC6F4172-7010-42F4-B987-F0798BF04C1B}.Debug|x64.ActiveCfg = Debug|x64
		{CC6F4172-7010-42F4-B987-F0798BF04C1B}.Debug|x64.Build.0 = Debug|x64
		{CC6F4172-7010-42F4-B987-F0798BF04C1B}.Debug|x86.ActiveCfg = Debug|Win32
		{CC6F4172-7010-42F4-B987-F0798BF04C1B}.Debug|x86.Build.0 = Debug|Win32
		{CC6F4172-7010-42F4-B987-F0798BF04C1B}.Release|x64.ActiveCfg = Release|x64
		{CC6F4172-7010-42F4-B987-F0798BF04C1B}.Release|x64.Build.0 = Release|x64
		{CC6F4172-7010-42F4-B987-F0798BF04C1B}.Release|x86.ActiveCfg = Release|Win32
		{CC6F4172-7010-42F4-B987-F0798BF04C1B}.Release|x86.Build.0 = Release|Win32
	EndGlobalSection
	GlobalSection(SolutionProperties) = preSolution
		HideSolutionNode = FALSE
	EndGlobalSection
	GlobalSection(NestedProjects) = preSolution
		{D7801A4D-9EAC-498F-9CA3-B4B6F1F78C4C} = {02EA681E-C7D8-13C7-8484-4AC65E1B71E8}
		{CBB02180-462E-4F52-8838-BA1587C60B38} = {02EA681E-C7D8-13C7-8484-4AC65E1B71E8}
		{DD1C9400-74DE-40FB-B33C-7345863A2A10} = {02EA681E-C7D8-13C7-8484-4AC65E1B71E8}
		{B9AA5520-1CED-4E98-A70D-9EDD9C5CABE9} = {02EA681E-C7D8-13C7-8484-4AC65E1B71E8}
		{132F9414-986A-430B-91EF-5C181DAD165D} = {76BFCF38-174D-4FA8-B363-6CE414210E34}
		{B1ABC6D6-525A-40EC-A6F1-E38700EA7D76} = {76BFCF38-174D-4FA8-B363-6CE414210E34}
		{0B52F8F3-9F44-479C-823C-6259BD42E06B} = {76BFCF38-174D-4FA8-B363-6CE414210E34}
		{56E68103-C190-4215-89F7-25227EBB6BBC} = {76BFCF38-174D-4FA8-B363-6CE414210E34}
		{8CA6EEC9-2A8C-4206-9659-A79D32C5D510} = {76BFCF38-174D-4FA8-B363-6CE414210E34}
		{6CA7C6B9-0468-4870-B764-8B557390DA4E} = {B1F4EED0-619B-4744-9152-99166F35F5D0}
		{EB2183D4-246C-4C6B-BDAB-D62BF1B1E3E3} = {B1F4EED0-619B-4744-9152-99166F35F5D0}
		{BF66E829-3BAC-4B82-9F24-1BA44E13484B} = {B1F4EED0-619B-4744-9152-99166F35F5D0}
		{3C89023F-2131-4016-B31F-4C457A313801} = {B1F4EED0-619B-4744-9152-99166F35F5D0}
		{9D5EE3C6-EF28-4308-9BAA-694F2CBDB9E0} = {B1F4EED0-619B-4744-9152-99166F35F5D0}
		{40807DAB-7CAD-43E5-A5C4-1B34EE09B0B3} = {B1F4EED0-619B-4744-9152-99166F35F5D0}
		{C2A9C686-2A09-48B5-98D2-7A63D5EF2F3E} = {B1F4EED0-619B-4744-9152-99166F35F5D0}
		{62AC3CAB-0363-43C3-9F98-4C66E0D262AC} = {B1F4EED0-619B-4744-9152-99166F35F5D0}
		{E41C472A-471C-4D39-B712-E421563AE25B} = {45978B89-DAE2-4A97-B1CF-C0F70DF13AD5}
		{343FDC99-F672-4046-B3D0-FB4AF4F1BB90} = {45978B89-DAE2-4A97-B1CF-C0F70DF13AD5}
		{CC6F4172-7010-42F4-B987-F0798BF04C1B} = {E615093C-1C8A-41AE-B75F-64A005A1B96A}
	EndGlobalSection
	GlobalSection(ExtensibilityGlobals) = postSolution
		SolutionGuid = {2E3E905D-68E3-43F1-BB8D-92A2957E6FF0}
	EndGlobalSection
EndGlobal
